
Microsoft Visual Studio Solution File, Format Version 12.00
# Visual Studio Version 16
VisualStudioVersion = 16.0.29025.244
MinimumVisualStudioVersion = 10.0.40219.1
Project("{FAE04EC0-301F-11D3-BF4B-00C04F79EFBC}") = "PasswordGeneratorSharp", "PasswordGeneratorSharp\PasswordGeneratorSharp.csproj", "{208BB56A-B2DE-4488-9D1A-0ED1D357455C}"
EndProject
Global
	GlobalSection(SolutionConfigurationPlatforms) = preSolution
		Debug|Any CPU = Debug|Any CPU
		Release|Any CPU = Release|Any CPU
	EndGlobalSection
	GlobalSection(ProjectConfigurationPlatforms) = postSolution
		{208BB56A-B2DE-4488-9D1A-0ED1D357455C}.Debug|Any CPU.ActiveCfg = Debug|Any CPU
		{208BB56A-B2DE-4488-9D1A-0ED1D357455C}.Debug|Any CPU.Build.0 = Debug|Any CPU
		{208BB56A-B2DE-4488-9D1A-0ED1D357455C}.Release|Any CPU.ActiveCfg = Release|Any CPU
		{208BB56A-B2DE-4488-9D1A-0ED1D357455C}.Release|Any CPU.Build.0 = Release|Any CPU
	EndGlobalSection
	GlobalSection(SolutionProperties) = preSolution
		HideSolutionNode = FALSE
	EndGlobalSection
	GlobalSection(ExtensibilityGlobals) = postSolution
		SolutionGuid = {2FE404A0-E9DE-41E5-A00D-3E63E162E485}
	EndGlobalSection
EndGlobal
